// !$*UTF8*$!
{
	archiveVersion = 1;
	classes = {
	};
	objectVersion = 50;
	objects = {

/* Begin PBXBuildFile section */
		E20CAC1824AA7EA900CBEAC9 /* AppDelegate.swift in Sources */ = {isa = PBXBuildFile; fileRef = E20CAC1724AA7EA900CBEAC9 /* AppDelegate.swift */; };
		E20CAC1A24AA7EA900CBEAC9 /* SceneDelegate.swift in Sources */ = {isa = PBXBuildFile; fileRef = E20CAC1924AA7EA900CBEAC9 /* SceneDelegate.swift */; };
		E20CAC1C24AA7EA900CBEAC9 /* ViewController.swift in Sources */ = {isa = PBXBuildFile; fileRef = E20CAC1B24AA7EA900CBEAC9 /* ViewController.swift */; };
		E20CAC1F24AA7EA900CBEAC9 /* Main.storyboard in Resources */ = {isa = PBXBuildFile; fileRef = E20CAC1D24AA7EA900CBEAC9 /* Main.storyboard */; };
		E20CAC2124AA7EAC00CBEAC9 /* Assets.xcassets in Resources */ = {isa = PBXBuildFile; fileRef = E20CAC2024AA7EAC00CBEAC9 /* Assets.xcassets */; };
		E20CAC2424AA7EAC00CBEAC9 /* LaunchScreen.storyboard in Resources */ = {isa = PBXBuildFile; fileRef = E20CAC2224AA7EAC00CBEAC9 /* LaunchScreen.storyboard */; };
		E20CAC2C24AA7EE700CBEAC9 /* LineView.swift in Sources */ = {isa = PBXBuildFile; fileRef = E20CAC2B24AA7EE700CBEAC9 /* LineView.swift */; };
		E20CAC2E24AA7F0100CBEAC9 /* Line.swift in Sources */ = {isa = PBXBuildFile; fileRef = E20CAC2D24AA7F0100CBEAC9 /* Line.swift */; };
/* End PBXBuildFile section */

/* Begin PBXFileReference section */
		E20CAC1424AA7EA900CBEAC9 /* DrawingApp.app */ = {isa = PBXFileReference; explicitFileType = wrapper.application; includeInIndex = 0; path = DrawingApp.app; sourceTree = BUILT_PRODUCTS_DIR; };
		E20CAC1724AA7EA900CBEAC9 /* AppDelegate.swift */ = {isa = PBXFileReference; lastKnownFileType = sourcecode.swift; path = AppDelegate.swift; sourceTree = "<group>"; };
		E20CAC1924AA7EA900CBEAC9 /* SceneDelegate.swift */ = {isa = PBXFileReference; lastKnownFileType = sourcecode.swift; path = SceneDelegate.swift; sourceTree = "<group>"; };
		E20CAC1B24AA7EA900CBEAC9 /* ViewController.swift */ = {isa = PBXFileReference; lastKnownFileType = sourcecode.swift; path = ViewController.swift; sourceTree = "<group>"; };
		E20CAC1E24AA7EA900CBEAC9 /* Base */ = {isa = PBXFileReference; lastKnownFileType = file.storyboard; name = Base; path = Base.lproj/Main.storyboard; sourceTree = "<group>"; };
		E20CAC2024AA7EAC00CBEAC9 /* Assets.xcassets */ = {isa = PBXFileReference; lastKnownFileType = folder.assetcatalog; path = Assets.xcassets; sourceTree = "<group>"; };
		E20CAC2324AA7EAC00CBEAC9 /* Base */ = {isa = PBXFileReference; lastKnownFileType = file.storyboard; name = Base; path = Base.lproj/LaunchScreen.storyboard; sourceTree = "<group>"; };
		E20CAC2524AA7EAC00CBEAC9 /* Info.plist */ = {isa = PBXFileReference; lastKnownFileType = text.plist.xml; path = Info.plist; sourceTree = "<group>"; };
		E20CAC2B24AA7EE700CBEAC9 /* LineView.swift */ = {isa = PBXFileReference; lastKnownFileType = sourcecode.swift; path = LineView.swift; sourceTree = "<group>"; };
		E20CAC2D24AA7F0100CBEAC9 /* Line.swift */ = {isa = PBXFileReference; lastKnownFileType = sourcecode.swift; path = Line.swift; sourceTree = "<group>"; };
/* End PBXFileReference section */

/* Begin PBXFrameworksBuildPhase section */
		E20CAC1124AA7EA900CBEAC9 /* Frameworks */ = {
			isa = PBXFrameworksBuildPhase;
			buildActionMask = 2147483647;
			files = (
			);
			runOnlyForDeploymentPostprocessing = 0;
		};
/* End PBXFrameworksBuildPhase section */

/* Begin PBXGroup section */
		E20CAC0B24AA7EA900CBEAC9 = {
			isa = PBXGroup;
			children = (
				E20CAC1624AA7EA900CBEAC9 /* DrawingApp */,
				E20CAC1524AA7EA900CBEAC9 /* Products */,
			);
			sourceTree = "<group>";
		};
		E20CAC1524AA7EA900CBEAC9 /* Products */ = {
			isa = PBXGroup;
			children = (
				E20CAC1424AA7EA900CBEAC9 /* DrawingApp.app */,
			);
			name = Products;
			sourceTree = "<group>";
		};
		E20CAC1624AA7EA900CBEAC9 /* DrawingApp */ = {
			isa = PBXGroup;
			children = (
				E20CAC1724AA7EA900CBEAC9 /* AppDelegate.swift */,
				E20CAC1924AA7EA900CBEAC9 /* SceneDelegate.swift */,
				E20CAC2B24AA7EE700CBEAC9 /* LineView.swift */,
				E20CAC1B24AA7EA900CBEAC9 /* ViewController.swift */,
				E20CAC2D24AA7F0100CBEAC9 /* Line.swift */,
				E20CAC1D24AA7EA900CBEAC9 /* Main.storyboard */,
				E20CAC2024AA7EAC00CBEAC9 /* Assets.xcassets */,
				E20CAC2224AA7EAC00CBEAC9 /* LaunchScreen.storyboard */,
				E20CAC2524AA7EAC00CBEAC9 /* Info.plist */,
			);
			path = DrawingApp;
			sourceTree = "<group>";
		};
/* End PBXGroup section */

/* Begin PBXNativeTarget section */
		E20CAC1324AA7EA900CBEAC9 /* DrawingApp */ = {
			isa = PBXNativeTarget;
			buildConfigurationList = E20CAC2824AA7EAC00CBEAC9 /* Build configuration list for PBXNativeTarget "DrawingApp" */;
			buildPhases = (
				E20CAC1024AA7EA900CBEAC9 /* Sources */,
				E20CAC1124AA7EA900CBEAC9 /* Frameworks */,
				E20CAC1224AA7EA900CBEAC9 /* Resources */,
			);
			buildRules = (
			);
			dependencies = (
			);
			name = DrawingApp;
			productName = DrawingApp;
			productReference = E20CAC1424AA7EA900CBEAC9 /* DrawingApp.app */;
			productType = "com.apple.product-type.application";
		};
/* End PBXNativeTarget section */

/* Begin PBXProject section */
		E20CAC0C24AA7EA900CBEAC9 /* Project object */ = {
			isa = PBXProject;
			attributes = {
				LastSwiftUpdateCheck = 1150;
				LastUpgradeCheck = 1150;
				ORGANIZATIONNAME = "Jiwoo Seo";
				TargetAttributes = {
					E20CAC1324AA7EA900CBEAC9 = {
						CreatedOnToolsVersion = 11.5;
					};
				};
			};
			buildConfigurationList = E20CAC0F24AA7EA900CBEAC9 /* Build configuration list for PBXProject "DrawingApp" */;
			compatibilityVersion = "Xcode 9.3";
			developmentRegion = en;
			hasScannedForEncodings = 0;
			knownRegions = (
				en,
				Base,
			);
			mainGroup = E20CAC0B24AA7EA900CBEAC9;
			productRefGroup = E20CAC1524AA7EA900CBEAC9 /* Products */;
			projectDirPath = "";
			projectRoot = "";
			targets = (
				E20CAC1324AA7EA900CBEAC9 /* DrawingApp */,
			);
		};
/* End PBXProject section */

/* Begin PBXResourcesBuildPhase section */
		E20CAC1224AA7EA900CBEAC9 /* Resources */ = {
			isa = PBXResourcesBuildPhase;
			buildActionMask = 2147483647;
			files = (
				E20CAC2424AA7EAC00CBEAC9 /* LaunchScreen.storyboard in Resources */,
				E20CAC2124AA7EAC00CBEAC9 /* Assets.xcassets in Resources */,
				E20CAC1F24AA7EA900CBEAC9 /* Main.storyboard in Resources */,
			);
			runOnlyForDeploymentPostprocessing = 0;
		};
/* End PBXResourcesBuildPhase section */

/* Begin PBXSourcesBuildPhase section */
		E20CAC1024AA7EA900CBEAC9 /* Sources */ = {
			isa = PBXSourcesBuildPhase;
			buildActionMask = 2147483647;
			files = (
				E20CAC2C24AA7EE700CBEAC9 /* LineView.swift in Sources */,
				E20CAC1C24AA7EA900CBEAC9 /* ViewController.swift in Sources */,
				E20CAC1824AA7EA900CBEAC9 /* AppDelegate.swift in Sources */,
				E20CAC1A24AA7EA900CBEAC9 /* SceneDelegate.swift in Sources */,
				E20CAC2E24AA7F0100CBEAC9 /* Line.swift in Sources */,
			);
			runOnlyForDeploymentPostprocessing = 0;
		};
/* End PBXSourcesBuildPhase section */

/* Begin PBXVariantGroup section */
		E20CAC1D24AA7EA900CBEAC9 /* Main.storyboard */ = {
			isa = PBXVariantGroup;
			children = (
				E20CAC1E24AA7EA900CBEAC9 /* Base */,
			);
			name = Main.storyboard;
			sourceTree = "<group>";
		};
		E20CAC2224AA7EAC00CBEAC9 /* LaunchScreen.storyboard */ = {
			isa = PBXVariantGroup;
			children = (
				E20CAC2324AA7EAC00CBEAC9 /* Base */,
			);
			name = LaunchScreen.storyboard;
			sourceTree = "<group>";
		};
/* End PBXVariantGroup section */

/* Begin XCBuildConfiguration section */
		E20CAC2624AA7EAC00CBEAC9 /* Debug */ = {
			isa = XCBuildConfiguration;
			buildSettings = {
				ALWAYS_SEARCH_USER_PATHS = NO;
				CLANG_ANALYZER_NONNULL = YES;
				CLANG_ANALYZER_NUMBER_OBJECT_CONVERSION = YES_AGGRESSIVE;
				CLANG_CXX_LANGUAGE_STANDARD = "gnu++14";
				CLANG_CXX_LIBRARY = "libc++";
				CLANG_ENABLE_MODULES = YES;
				CLANG_ENABLE_OBJC_ARC = YES;
				CLANG_ENABLE_OBJC_WEAK = YES;
				CLANG_WARN_BLOCK_CAPTURE_AUTORELEASING = YES;
				CLANG_WARN_BOOL_CONVERSION = YES;
				CLANG_WARN_COMMA = YES;
				CLANG_WARN_CONSTANT_CONVERSION = YES;
				CLANG_WARN_DEPRECATED_OBJC_IMPLEMENTATIONS = YES;
				CLANG_WARN_DIRECT_OBJC_ISA_USAGE = YES_ERROR;
				CLANG_WARN_DOCUMENTATION_COMMENTS = YES;
				CLANG_WARN_EMPTY_BODY = YES;
				CLANG_WARN_ENUM_CONVERSION = YES;
				CLANG_WARN_INFINITE_RECURSION = YES;
				CLANG_WARN_INT_CONVERSION = YES;
				CLANG_WARN_NON_LITERAL_NULL_CONVERSION = YES;
				CLANG_WARN_OBJC_IMPLICIT_RETAIN_SELF = YES;
				CLANG_WARN_OBJC_LITERAL_CONVERSION = YES;
				CLANG_WARN_OBJC_ROOT_CLASS = YES_ERROR;
				CLANG_WARN_RANGE_LOOP_ANALYSIS = YES;
				CLANG_WARN_STRICT_PROTOTYPES = YES;
				CLANG_WARN_SUSPICIOUS_MOVE = YES;
				CLANG_WARN_UNGUARDED_AVAILABILITY = YES_AGGRESSIVE;
				CLANG_WARN_UNREACHABLE_CODE = YES;
				CLANG_WARN__DUPLICATE_METHOD_MATCH = YES;
				COPY_PHASE_STRIP = NO;
				DEBUG_INFORMATION_FORMAT = dwarf;
				ENABLE_STRICT_OBJC_MSGSEND = YES;
				ENABLE_TESTABILITY = YES;
				GCC_C_LANGUAGE_STANDARD = gnu11;
				GCC_DYNAMIC_NO_PIC = NO;
				GCC_NO_COMMON_BLOCKS = YES;
				GCC_OPTIMIZATION_LEVEL = 0;
				GCC_PREPROCESSOR_DEFINITIONS = (
					"DEBUG=1",
					"$(inherited)",
				);
				GCC_WARN_64_TO_32_BIT_CONVERSION = YES;
				GCC_WARN_ABOUT_RETURN_TYPE = YES_ERROR;
				GCC_WARN_UNDECLARED_SELECTOR = YES;
				GCC_WARN_UNINITIALIZED_AUTOS = YES_AGGRESSIVE;
				GCC_WARN_UNUSED_FUNCTION = YES;
				GCC_WARN_UNUSED_VARIABLE = YES;
				IPHONEOS_DEPLOYMENT_TARGET = 13.5;
				MTL_ENABLE_DEBUG_INFO = INCLUDE_SOURCE;
				MTL_FAST_MATH = YES;
				ONLY_ACTIVE_ARCH = YES;
				SDKROOT = iphoneos;
				SWIFT_ACTIVE_COMPILATION_CONDITIONS = DEBUG;
				SWIFT_OPTIMIZATION_LEVEL = "-Onone";
			};
			name = Debug;
		};
		E20CAC2724AA7EAC00CBEAC9 /* Release */ = {
			isa = XCBuildConfiguration;
			buildSettings = {
				ALWAYS_SEARCH_USER_PATHS = NO;
				CLANG_ANALYZER_NONNULL = YES;
				CLANG_ANALYZER_NUMBER_OBJECT_CONVERSION = YES_AGGRESSIVE;
				CLANG_CXX_LANGUAGE_STANDARD = "gnu++14";
				CLANG_CXX_LIBRARY = "libc++";
				CLANG_ENABLE_MODULES = YES;
				CLANG_ENABLE_OBJC_ARC = YES;
				CLANG_ENABLE_OBJC_WEAK = YES;
				CLANG_WARN_BLOCK_CAPTURE_AUTORELEASING = YES;
				CLANG_WARN_BOOL_CONVERSION = YES;
				CLANG_WARN_COMMA = YES;
				CLANG_WARN_CONSTANT_CONVERSION = YES;
				CLANG_WARN_DEPRECATED_OBJC_IMPLEMENTATIONS = YES;
				CLANG_WARN_DIRECT_OBJC_ISA_USAGE = YES_ERROR;
				CLANG_WARN_DOCUMENTATION_COMMENTS = YES;
				CLANG_WARN_EMPTY_BODY = YES;
				CLANG_WARN_ENUM_CONVERSION = YES;
				CLANG_WARN_INFINITE_RECURSION = YES;
				CLANG_WARN_INT_CONVERSION = YES;
				CLANG_WARN_NON_LITERAL_NULL_CONVERSION = YES;
				CLANG_WARN_OBJC_IMPLICIT_RETAIN_SELF = YES;
				CLANG_WARN_OBJC_LITERAL_CONVERSION = YES;
				CLANG_WARN_OBJC_ROOT_CLASS = YES_ERROR;
				CLANG_WARN_RANGE_LOOP_ANALYSIS = YES;
				CLANG_WARN_STRICT_PROTOTYPES = YES;
				CLANG_WARN_SUSPICIOUS_MOVE = YES;
				CLANG_WARN_UNGUARDED_AVAILABILITY = YES_AGGRESSIVE;
				CLANG_WARN_UNREACHABLE_CODE = YES;
				CLANG_WARN__DUPLICATE_METHOD_MATCH = YES;
				COPY_PHASE_STRIP = NO;
				DEBUG_INFORMATION_FORMAT = "dwarf-with-dsym";
				ENABLE_NS_ASSERTIONS = NO;
				ENABLE_STRICT_OBJC_MSGSEND = YES;
				GCC_C_LANGUAGE_STANDARD = gnu11;
				GCC_NO_COMMON_BLOCKS = YES;
				GCC_WARN_64_TO_32_BIT_CONVERSION = YES;
				GCC_WARN_ABOUT_RETURN_TYPE = YES_ERROR;
				GCC_WARN_UNDECLARED_SELECTOR = YES;
				GCC_WARN_UNINITIALIZED_AUTOS = YES_AGGRESSIVE;
				GCC_WARN_UNUSED_FUNCTION = YES;
				GCC_WARN_UNUSED_VARIABLE = YES;
				IPHONEOS_DEPLOYMENT_TARGET = 13.5;
				MTL_ENABLE_DEBUG_INFO = NO;
				MTL_FAST_MATH = YES;
				SDKROOT = iphoneos;
				SWIFT_COMPILATION_MODE = wholemodule;
				SWIFT_OPTIMIZATION_LEVEL = "-O";
				VALIDATE_PRODUCT = YES;
			};
			name = Release;
		};
		E20CAC2924AA7EAC00CBEAC9 /* Debug */ = {
			isa = XCBuildConfiguration;
			buildSettings = {
				ASSETCATALOG_COMPILER_APPICON_NAME = AppIcon;
				CODE_SIGN_STYLE = Automatic;
				INFOPLIST_FILE = DrawingApp/Info.plist;
				LD_RUNPATH_SEARCH_PATHS = (
					"$(inherited)",
					"@executable_path/Frameworks",
				);
				PRODUCT_BUNDLE_IDENTIFIER = jiwooseo.wustl.edu.DrawingApp;
				PRODUCT_NAME = "$(TARGET_NAME)";
				SWIFT_VERSION = 5.0;
				TARGETED_DEVICE_FAMILY = "1,2";
			};
			name = Debug;
		};
		E20CAC2A24AA7EAC00CBEAC9 /* Release */ = {
			isa = XCBuildConfiguration;
			buildSettings = {
				ASSETCATALOG_COMPILER_APPICON_NAME = AppIcon;
				CODE_SIGN_STYLE = Automatic;
				INFOPLIST_FILE = DrawingApp/Info.plist;
				LD_RUNPATH_SEARCH_PATHS = (
					"$(inherited)",
					"@executable_path/Frameworks",
				);
				PRODUCT_BUNDLE_IDENTIFIER = jiwooseo.wustl.edu.DrawingApp;
				PRODUCT_NAME = "$(TARGET_NAME)";
				SWIFT_VERSION = 5.0;
				TARGETED_DEVICE_FAMILY = "1,2";
			};
			name = Release;
		};
/* End XCBuildConfiguration section */

/* Begin XCConfigurationList section */
		E20CAC0F24AA7EA900CBEAC9 /* Build configuration list for PBXProject "DrawingApp" */ = {
			isa = XCConfigurationList;
			buildConfigurations = (
				E20CAC2624AA7EAC00CBEAC9 /* Debug */,
				E20CAC2724AA7EAC00CBEAC9 /* Release */,
			);
			defaultConfigurationIsVisible = 0;
			defaultConfigurationName = Release;
		};
		E20CAC2824AA7EAC00CBEAC9 /* Build configuration list for PBXNativeTarget "DrawingApp" */ = {
			isa = XCConfigurationList;
			buildConfigurations = (
				E20CAC2924AA7EAC00CBEAC9 /* Debug */,
				E20CAC2A24AA7EAC00CBEAC9 /* Release */,
			);
			defaultConfigurationIsVisible = 0;
			defaultConfigurationName = Release;
		};
/* End XCConfigurationList section */
	};
	rootObject = E20CAC0C24AA7EA900CBEAC9 /* Project object */;
}
